{
  "version": "4",
  "specifiers": {
    "jsr:@std/assert@^1.0.11": "1.0.11",
    "jsr:@std/async@^1.0.11": "1.0.11",
    "jsr:@std/bytes@^1.0.5": "1.0.5",
    "jsr:@std/cli@^1.0.14": "1.0.14",
    "jsr:@std/fmt@^1.0.6": "1.0.6",
    "jsr:@std/fs@^1.0.14": "1.0.14",
    "jsr:@std/internal@^1.0.5": "1.0.5",
    "jsr:@std/path@^1.0.8": "1.0.8",
    "jsr:@std/streams@^1.0.9": "1.0.9",
    "jsr:@std/yaml@^1.0.5": "1.0.5",
    "jsr:@wok/case@^1.0.2": "1.0.2",
    "jsr:@wok/schema@3": "3.0.0",
    "jsr:@wok/typebox@2": "2.0.0",
    "jsr:@wok/utils@^5.0.5": "5.0.5",
    "npm:@sinclair/typebox@~0.34.28": "0.34.28",
    "npm:type-fest@^4.37.0": "4.37.0"
  },
  "jsr": {
    "@std/assert@1.0.11": {
      "integrity": "2461ef3c368fe88bc60e186e7744a93112f16fd110022e113a0849e94d1c83c1"
    },
    "@std/async@1.0.11": {
      "integrity": "eee0d3405275506638a9c8efaa849cf0d35873120c69b7caa1309c9a9e5b6f85"
    },
    "@std/bytes@1.0.5": {
      "integrity": "4465dd739d7963d964c809202ebea6d5c6b8e3829ef25c6a224290fbb8a1021e"
    },
    "@std/cli@1.0.14": {
      "integrity": "b09ee9921cd476c0e08185ed2bfce682d45ecf4654f26c31b4aa244a2c5c024e"
    },
    "@std/fmt@1.0.6": {
      "integrity": "a2c56a69a2369876ddb3ad6a500bb6501b5bad47bb3ea16bfb0c18974d2661fc"
    },
    "@std/fs@1.0.14": {
      "integrity": "1e84bf0b95fe08f41f1f4aea9717bbf29f45408a56ce073b0114474ce1c9fccf",
      "dependencies": [
        "jsr:@std/path"
      ]
    },
    "@std/internal@1.0.5": {
      "integrity": "54a546004f769c1ac9e025abd15a76b6671ddc9687e2313b67376125650dc7ba"
    },
    "@std/path@1.0.8": {
      "integrity": "548fa456bb6a04d3c1a1e7477986b6cffbce95102d0bb447c67c4ee70e0364be"
    },
    "@std/streams@1.0.9": {
      "integrity": "a9d26b1988cdd7aa7b1f4b51e1c36c1557f3f252880fa6cc5b9f37078b1a5035",
      "dependencies": [
        "jsr:@std/bytes"
      ]
    },
    "@std/yaml@1.0.5": {
      "integrity": "71ba3d334305ee2149391931508b2c293a8490f94a337eef3a09cade1a2a2742"
    },
    "@wok/case@1.0.2": {
      "integrity": "5d7c4da6ac87a372d603c6ab6fb0e07ec74d4a712c3cb9051961a0892b1f3090"
    },
    "@wok/schema@3.0.0": {
      "integrity": "f4ec510de14528e5c9fb924a5b8adf9417677669be0dfe953754fe6e3af15a93",
      "dependencies": [
        "jsr:@wok/typebox",
        "npm:type-fest"
      ]
    },
    "@wok/typebox@2.0.0": {
      "integrity": "8e232fe64321c79adb5b82120e3f841b08656486c673c8a3e3461c30f9306fff",
      "dependencies": [
        "npm:@sinclair/typebox"
      ]
    },
    "@wok/utils@5.0.5": {
      "integrity": "127a8900d6c333161caf3b087c632ea160c9239b5251ac205a3ec4bed84877dc",
      "dependencies": [
        "jsr:@std/assert",
        "jsr:@std/cli",
        "jsr:@std/fmt",
        "jsr:@std/internal",
        "jsr:@std/streams",
        "jsr:@std/yaml",
        "jsr:@wok/case",
        "jsr:@wok/schema",
        "jsr:@wok/typebox",
        "npm:type-fest"
      ]
    }
  },
  "npm": {
    "@sinclair/typebox@0.34.28": {
      "integrity": "sha512-e2B9vmvaa5ym5hWgCHw5CstP54au6AOLXrhZErLsOyyRzuWJtXl/8TszKtc5x8rw/b+oY7HKS9m9iRI53RK0WQ=="
    },
    "type-fest@4.37.0": {
      "integrity": "sha512-S/5/0kFftkq27FPNye0XM1e2NsnoD/3FS+pBmbjmmtLT6I+i344KoOf7pvXreaFsDamWeaJX55nczA1m5PsBDg=="
    }
  },
  "workspace": {
    "dependencies": [
      "jsr:@std/assert@^1.0.11",
      "jsr:@std/async@^1.0.11",
      "jsr:@std/fmt@^1.0.6",
      "jsr:@std/fs@^1.0.14",
      "jsr:@std/path@^1.0.8",
      "jsr:@std/yaml@^1.0.5",
      "jsr:@wok/schema@3",
      "jsr:@wok/utils@^5.0.5"
    ]
  }
}
