{
  "version": "4",
  "specifiers": {
    "jsr:@std/assert@^1.0.3": "jsr:@std/assert@1.0.3",
    "jsr:@std/async@^1.0.4": "jsr:@std/async@1.0.4",
    "jsr:@std/bytes@^1.0.2": "jsr:@std/bytes@1.0.2",
    "jsr:@std/cli@^1.0.4": "jsr:@std/cli@1.0.4",
    "jsr:@std/fmt@^1.0.1": "jsr:@std/fmt@1.0.1",
    "jsr:@std/fs@^1.0.2": "jsr:@std/fs@1.0.2",
    "jsr:@std/path@^1.0.3": "jsr:@std/path@1.0.3",
    "jsr:@std/streams@^1.0.3": "jsr:@std/streams@1.0.3",
    "jsr:@std/yaml@^1.0.4": "jsr:@std/yaml@1.0.4",
    "jsr:@wok/case@^1.0.1": "jsr:@wok/case@1.0.1",
    "jsr:@wok/typebox@^0.33.7": "jsr:@wok/typebox@0.33.7",
    "jsr:@wok/utils@^1.12.0": "jsr:@wok/utils@1.12.0",
    "npm:@sinclair/typebox@^0.33.7": "npm:@sinclair/typebox@0.33.9"
  },
  "jsr": {
    "@std/assert@1.0.3": {
      "integrity": "b0d03ce1ced880df67132eea140623010d415848df66f6aa5df76507ca7c26d8"
    },
    "@std/async@1.0.4": {
      "integrity": "373f5168a01b46ecaabc785d4e0f9ef18a010ab867af069fb905d93a9129ae5b"
    },
    "@std/bytes@1.0.2": {
      "integrity": "fbdee322bbd8c599a6af186a1603b3355e59a5fb1baa139f8f4c3c9a1b3e3d57"
    },
    "@std/cli@1.0.4": {
      "integrity": "79ca75add572a99a8ba93ae37ccbd8d43fb4e2b635a8a7ebebb4f2d092048764"
    },
    "@std/fmt@1.0.1": {
      "integrity": "ef76c37faa7720faa8c20fd8cc74583f9b1e356dfd630c8714baa716a45856ab"
    },
    "@std/fs@1.0.2": {
      "integrity": "af57555c7a224a6f147d5cced5404692974f7a628ced8eda67e0d22d92d474ec",
      "dependencies": [
        "jsr:@std/path"
      ]
    },
    "@std/path@1.0.3": {
      "integrity": "cd89d014ce7eb3742f2147b990f6753ee51d95276bfc211bc50c860c1bc7df6f"
    },
    "@std/streams@1.0.3": {
      "integrity": "d62e645ab981cee2c3d03040eb03cf387fc6bceef6d4564f3ed485a43741a81f",
      "dependencies": [
        "jsr:@std/bytes"
      ]
    },
    "@std/yaml@1.0.4": {
      "integrity": "f1e38fa5e110ff8550e938715e52c33347676dd00a1db858e092dd21a9df9941"
    },
    "@wok/case@1.0.1": {
      "integrity": "409e94f961f5b278992bace87a0c7d3c6a3db516d01759bdb827d9ae4d75e9aa"
    },
    "@wok/typebox@0.33.7": {
      "integrity": "307c3959b8da7eb21b926dc4a47ae953e5124fc1db059477bbb8b1bb51810ccf",
      "dependencies": [
        "npm:@sinclair/typebox"
      ]
    },
    "@wok/utils@1.12.0": {
      "integrity": "752c2100eb0902c267236b46f77af5a32c385e960883192a95a931a29f739fd3",
      "dependencies": [
        "jsr:@std/cli",
        "jsr:@std/fmt",
        "jsr:@std/streams",
        "jsr:@wok/case",
        "jsr:@wok/typebox"
      ]
    }
  },
  "npm": {
    "@sinclair/typebox@0.33.9": {
      "integrity": "sha512-agK7y8hO5Gz4Thu5kxTtLiZudNRflR1rTwmnWW5skxMd/+aqQ9XQene8HyyBsiajs5HV6ZQ/pCd3IKsqIfu4Kw=="
    }
  },
  "workspace": {
    "dependencies": [
      "jsr:@std/assert@^1.0.3",
      "jsr:@std/async@^1.0.4",
      "jsr:@std/fmt@^1.0.1",
      "jsr:@std/fs@^1.0.2",
      "jsr:@std/path@^1.0.3",
      "jsr:@std/yaml@^1.0.4",
      "jsr:@wok/typebox@^0.33.7",
      "jsr:@wok/utils@^1.12.0"
    ]
  }
}
